
Microsoft Visual Studio Solution File, Format Version 12.00
# Visual Studio Version 17
VisualStudioVersion = 17.7.34221.43
MinimumVisualStudioVersion = 10.0.40219.1
Project("{9A19103F-16F7-4668-BE54-9A1E7A4F7556}") = "221229064_BilalEnes_Candemir_Proje", "221229064_BilalEnes_Candemir_Proje\221229064_BilalEnes_Candemir_Proje.csproj", "{3149E3B2-F753-4610-9965-30A3B5D63150}"
EndProject
Global
	GlobalSection(SolutionConfigurationPlatforms) = preSolution
		Debug|Any CPU = Debug|Any CPU
		Release|Any CPU = Release|Any CPU
	EndGlobalSection
	GlobalSection(ProjectConfigurationPlatforms) = postSolution
		{3149E3B2-F753-4610-9965-30A3B5D63150}.Debug|Any CPU.ActiveCfg = Debug|Any CPU
		{3149E3B2-F753-4610-9965-30A3B5D63150}.Debug|Any CPU.Build.0 = Debug|Any CPU
		{3149E3B2-F753-4610-9965-30A3B5D63150}.Release|Any CPU.ActiveCfg = Release|Any CPU
		{3149E3B2-F753-4610-9965-30A3B5D63150}.Release|Any CPU.Build.0 = Release|Any CPU
	EndGlobalSection
	GlobalSection(SolutionProperties) = preSolution
		HideSolutionNode = FALSE
	EndGlobalSection
	GlobalSection(ExtensibilityGlobals) = postSolution
		SolutionGuid = {7FA8CECB-7084-4168-BAFF-A9B8E4814C68}
	EndGlobalSection
EndGlobal
